
Microsoft Visual Studio Solution File, Format Version 12.00
# Visual Studio Version 17
VisualStudioVersion = 17.9.34728.123
MinimumVisualStudioVersion = 10.0.40219.1
Project("{FAE04EC0-301F-11D3-BF4B-00C04F79EFBC}") = "Diviso_Umbraco", "Diviso_Umbraco\Diviso_Umbraco.csproj", "{A0CB11C5-3826-46E0-9865-58531C600268}"
EndProject
Global
	GlobalSection(SolutionConfigurationPlatforms) = preSolution
		Debug|Any CPU = Debug|Any CPU
		Release|Any CPU = Release|Any CPU
	EndGlobalSection
	GlobalSection(ProjectConfigurationPlatforms) = postSolution
		{A0CB11C5-3826-46E0-9865-58531C600268}.Debug|Any CPU.ActiveCfg = Debug|Any CPU
		{A0CB11C5-3826-46E0-9865-58531C600268}.Debug|Any CPU.Build.0 = Debug|Any CPU
		{A0CB11C5-3826-46E0-9865-58531C600268}.Release|Any CPU.ActiveCfg = Release|Any CPU
		{A0CB11C5-3826-46E0-9865-58531C600268}.Release|Any CPU.Build.0 = Release|Any CPU
	EndGlobalSection
	GlobalSection(SolutionProperties) = preSolution
		HideSolutionNode = FALSE
	EndGlobalSection
	GlobalSection(ExtensibilityGlobals) = postSolution
		SolutionGuid = {A60E6537-A391-46D2-854B-8E2A877EF9B0}
	EndGlobalSection
EndGlobal
